<?xml version="1.0" encoding="utf-8"?>
<Project ToolsVersion="4.0" xmlns="http://schemas.microsoft.com/developer/msbuild/2003">
  <ItemGroup>
    <Filter Include="Source Files">
      <UniqueIdentifier>{4FC737F1-C7A5-4376-A066-2A32D752A2FF}</UniqueIdentifier>
      <Extensions>cpp;c;cc;cxx;c++;cppm;ixx;def;odl;idl;hpj;bat;asm;asmx</Extensions>
    </Filter>
    <Filter Include="Header Files">
      <UniqueIdentifier>{93995380-89BD-4b04-88EB-625FBE52EBFB}</UniqueIdentifier>
      <Extensions>h;hh;hpp;hxx;h++;hm;inl;inc;ipp;xsd</Extensions>
    </Filter>
    <Filter Include="Resource Files">
      <UniqueIdentifier>{67DA6AB6-F800-4c08-8B7A-83BB121AAD01}</UniqueIdentifier>
      <Extensions>rc;ico;cur;bmp;dlg;rc2;rct;bin;rgs;gif;jpg;jpeg;jpe;resx;tiff;tif;png;wav;mfcribbon-ms</Extensions>
    </Filter>
  </ItemGroup>
  <ItemGroup>
    <ClCompile Include="src\CliOptions.cpp">
      <Filter>Source Files</Filter>
    </ClCompile>
    <ClCompile Include="src\Convert.cpp">
      <Filter>Source Files</Filter>
    </ClCompile>
    <ClCompile Include="src\Crc32.cpp">
      <Filter>Source Files</Filter>
    </ClCompile>
    <ClCompile Include="src\Diag.cpp">
      <Filter>Source Files</Filter>
    </ClCompile>
    <ClCompile Include="src\DocWalker.cpp">
      <Filter>Source Files</Filter>
    </ClCompile>
    <ClCompile Include="src\Inflate.cpp">
      <Filter>Source Files</Filter>
    </ClCompile>
    <ClCompile Include="src\Ir.cpp">
      <Filter>Source Files</Filter>
    </ClCompile>
    <ClCompile Include="src\LinkResolver.cpp">
      <Filter>Source Files</Filter>
    </ClCompile>
    <ClCompile Include="src\main.cpp">
      <Filter>Source Files</Filter>
    </ClCompile>
    <ClCompile Include="src\MediaExtractor.cpp">
      <Filter>Source Files</Filter>
    </ClCompile>
    <ClCompile Include="src\MdEmitter.cpp">
      <Filter>Source Files</Filter>
    </ClCompile>
    <ClCompile Include="src\MdEscape.cpp">
      <Filter>Source Files</Filter>
    </ClCompile>
    <ClCompile Include="src\OpcPackage.cpp">
      <Filter>Source Files</Filter>
    </ClCompile>
    <ClCompile Include="src\RunCoalescer.cpp">
      <Filter>Source Files</Filter>
    </ClCompile>
    <ClCompile Include="src\StyleModel.cpp">
      <Filter>Source Files</Filter>
    </ClCompile>
    <ClCompile Include="src\Utf.cpp">
      <Filter>Source Files</Filter>
    </ClCompile>
    <ClCompile Include="src\XmlPull.cpp">
      <Filter>Source Files</Filter>
    </ClCompile>
    <ClCompile Include="src\ZipReader.cpp">
      <Filter>Source Files</Filter>
    </ClCompile>
  </ItemGroup>
  <ItemGroup>
    <ClInclude Include="include\common functions.h">
      <Filter>Header Files</Filter>
    </ClInclude>
    <ClInclude Include="include\memory management.h">
      <Filter>Header Files</Filter>
    </ClInclude>
    <ClInclude Include="include\SIMD management.h">
      <Filter>Header Files</Filter>
    </ClInclude>
    <ClInclude Include="include\spinlocks.h">
      <Filter>Header Files</Filter>
    </ClInclude>
    <ClInclude Include="include\typedefs.h">
      <Filter>Header Files</Filter>
    </ClInclude>
    <ClInclude Include="include\vector structures.h">
      <Filter>Header Files</Filter>
    </ClInclude>
    <ClInclude Include="src\BuildGuards.h">
      <Filter>Header Files</Filter>
    </ClInclude>
    <ClInclude Include="src\CliOptions.h">
      <Filter>Header Files</Filter>
    </ClInclude>
    <ClInclude Include="src\Convert.h">
      <Filter>Header Files</Filter>
    </ClInclude>
    <ClInclude Include="src\Crc32.h">
      <Filter>Header Files</Filter>
    </ClInclude>
    <ClInclude Include="src\Diag.h">
      <Filter>Header Files</Filter>
    </ClInclude>
    <ClInclude Include="src\DocWalker.h">
      <Filter>Header Files</Filter>
    </ClInclude>
    <ClInclude Include="src\Inflate.h">
      <Filter>Header Files</Filter>
    </ClInclude>
    <ClInclude Include="src\Ir.h">
      <Filter>Header Files</Filter>
    </ClInclude>
    <ClInclude Include="src\LinkResolver.h">
      <Filter>Header Files</Filter>
    </ClInclude>
    <ClInclude Include="src\MediaExtractor.h">
      <Filter>Header Files</Filter>
    </ClInclude>
    <ClInclude Include="src\MdEmitter.h">
      <Filter>Header Files</Filter>
    </ClInclude>
    <ClInclude Include="src\MdEscape.h">
      <Filter>Header Files</Filter>
    </ClInclude>
    <ClInclude Include="src\OpcPackage.h">
      <Filter>Header Files</Filter>
    </ClInclude>
    <ClInclude Include="src\RunCoalescer.h">
      <Filter>Header Files</Filter>
    </ClInclude>
    <ClInclude Include="src\StyleModel.h">
      <Filter>Header Files</Filter>
    </ClInclude>
    <ClInclude Include="src\Utf.h">
      <Filter>Header Files</Filter>
    </ClInclude>
    <ClInclude Include="src\XmlPull.h">
      <Filter>Header Files</Filter>
    </ClInclude>
    <ClInclude Include="src\ZipReader.h">
      <Filter>Header Files</Filter>
    </ClInclude>
  </ItemGroup>
</Project>